
Microsoft Visual Studio Solution File, Format Version 12.00
# Visual Studio Version 17
VisualStudioVersion = 17.0.32126.317
MinimumVisualStudioVersion = 10.0.40219.1
Project("{FAE04EC0-301F-11D3-BF4B-00C04F79EFBC}") = "Digikala Account tools", "Digikala Account tools.csproj", "{65D82D9A-C7E9-467E-9C0A-E777401E4836}"
EndProject
Global
	GlobalSection(SolutionConfigurationPlatforms) = preSolution
		Debug|Any CPU = Debug|Any CPU
		Release|Any CPU = Release|Any CPU
	EndGlobalSection
	GlobalSection(ProjectConfigurationPlatforms) = postSolution
		{65D82D9A-C7E9-467E-9C0A-E777401E4836}.Debug|Any CPU.ActiveCfg = Debug|Any CPU
		{65D82D9A-C7E9-467E-9C0A-E777401E4836}.Debug|Any CPU.Build.0 = Debug|Any CPU
		{65D82D9A-C7E9-467E-9C0A-E777401E4836}.Release|Any CPU.ActiveCfg = Release|Any CPU
		{65D82D9A-C7E9-467E-9C0A-E777401E4836}.Release|Any CPU.Build.0 = Release|Any CPU
	EndGlobalSection
	GlobalSection(SolutionProperties) = preSolution
		HideSolutionNode = FALSE
	EndGlobalSection
	GlobalSection(ExtensibilityGlobals) = postSolution
		SolutionGuid = {4B022537-D771-4BE5-BD7D-90479D5BB484}
	EndGlobalSection
EndGlobal
